github.com/rwxrob/fn v0.3.3 h1:ymRQGWDhrrvoHKXLJ4WZlgI2qrC7gMOotowQMGvwmVQ=
github.com/rwxrob/fn v0.3.3/go.mod h1:omPqOqEB+dDna09z5pi5YFxq4IZqDvv3wFPUCES5LvY=
github.com/rwxrob/to v0.1.1 h1:/nHpuP6nNn44Gl+oa50M79AxslxZiBwlNhvY2UdNphA=
github.com/rwxrob/to v0.1.1/go.mod h1:8qdgCWkh50Avs8sRpV6/P7lAQgVf3KLRSKMZahV/W48=
